
Microsoft Visual Studio Solution File, Format Version 12.00
# Visual Studio Version 16
VisualStudioVersion = 16.0.30523.141
MinimumVisualStudioVersion = 10.0.40219.1
Project("{FAE04EC0-301F-11D3-BF4B-00C04F79EFBC}") = "SouborHer", "SouborHer\SouborHer.csproj", "{2631AD47-2316-4EC4-9FC2-7344CD4E5162}"
EndProject
Global
	GlobalSection(SolutionConfigurationPlatforms) = preSolution
		Debug|Any CPU = Debug|Any CPU
		Release|Any CPU = Release|Any CPU
	EndGlobalSection
	GlobalSection(ProjectConfigurationPlatforms) = postSolution
		{2631AD47-2316-4EC4-9FC2-7344CD4E5162}.Debug|Any CPU.ActiveCfg = Debug|Any CPU
		{2631AD47-2316-4EC4-9FC2-7344CD4E5162}.Debug|Any CPU.Build.0 = Debug|Any CPU
		{2631AD47-2316-4EC4-9FC2-7344CD4E5162}.Release|Any CPU.ActiveCfg = Release|Any CPU
		{2631AD47-2316-4EC4-9FC2-7344CD4E5162}.Release|Any CPU.Build.0 = Release|Any CPU
	EndGlobalSection
	GlobalSection(SolutionProperties) = preSolution
		HideSolutionNode = FALSE
	EndGlobalSection
	GlobalSection(ExtensibilityGlobals) = postSolution
		SolutionGuid = {0AB9C356-BD55-4E00-B457-26C5DC5A8A11}
	EndGlobalSection
EndGlobal
